
Microsoft Visual Studio Solution File, Format Version 12.00
# Visual Studio Version 17
VisualStudioVersion = 17.11.35303.130
MinimumVisualStudioVersion = 10.0.40219.1
Project("{FAE04EC0-301F-11D3-BF4B-00C04F79EFBC}") = "TestWep", "TestWep\TestWep.csproj", "{E493C060-BC76-4E1F-9AF8-126BA632B783}"
EndProject
Global
	GlobalSection(SolutionConfigurationPlatforms) = preSolution
		Debug|Any CPU = Debug|Any CPU
		Release|Any CPU = Release|Any CPU
	EndGlobalSection
	GlobalSection(ProjectConfigurationPlatforms) = postSolution
		{E493C060-BC76-4E1F-9AF8-126BA632B783}.Debug|Any CPU.ActiveCfg = Debug|Any CPU
		{E493C060-BC76-4E1F-9AF8-126BA632B783}.Debug|Any CPU.Build.0 = Debug|Any CPU
		{E493C060-BC76-4E1F-9AF8-126BA632B783}.Release|Any CPU.ActiveCfg = Release|Any CPU
		{E493C060-BC76-4E1F-9AF8-126BA632B783}.Release|Any CPU.Build.0 = Release|Any CPU
	EndGlobalSection
	GlobalSection(SolutionProperties) = preSolution
		HideSolutionNode = FALSE
	EndGlobalSection
	GlobalSection(ExtensibilityGlobals) = postSolution
		SolutionGuid = {732170F8-62D5-439A-874A-4D54FA091F52}
	EndGlobalSection
EndGlobal
